DEPENDENCIES
  debian-base-box
    path: ../provision/debian-base-box
  debian-dev-box
    path: ../provision/debian-dev-box
  testing
    path: ../provision/testing

GRAPH
  apt (3.0.0)
  ark (1.0.1)
    build-essential (>= 0.0.0)
    seven_zip (>= 0.0.0)
    windows (>= 0.0.0)
  build-essential (3.2.0)
    seven_zip (>= 0.0.0)
  chef_handler (1.3.0)
  debian-base-box (0.1.0)
  debian-dev-box (0.1.0)
    apt (>= 0.0.0)
    ark (>= 0.0.0)
    poise-python (>= 0.0.0)
  poise (2.7.1)
  poise-archive (1.3.0)
    poise (~> 2.6)
  poise-languages (1.4.0)
    poise (~> 2.5)
    poise-archive (~> 1.0)
  poise-python (1.4.0)
    poise (~> 2.7)
    poise-languages (~> 1.3)
  seven_zip (2.0.0)
    windows (>= 1.2.2)
  testing (0.1.0)
    apt (>= 0.0.0)
    ark (>= 0.0.0)
    debian-dev-box (>= 0.0.0)
  windows (1.39.2)
    chef_handler (>= 0.0.0)
