DEPENDENCIES
  chocolatey
    git: https://github.com/chocolatey/chocolatey-cookbook.git
    revision: 41cf16a515c74f149dd047788f21e666e22f9df9
  winbase
    path: ../provision/winbase

GRAPH
  chef_handler (1.3.0)
  chocolatey (0.6.3)
    windows (~> 1.38)
  winbase (0.1.0)
    chocolatey (>= 0.5.2)
    windows (>= 0.0.0)
  windows (1.39.2)
    chef_handler (>= 0.0.0)
