DEPENDENCIES
  ark
  debian-docker
    path: ../provision/debian-docker

GRAPH
  apt (3.0.0)
  ark (1.1.0)
    build-essential (>= 0.0.0)
    seven_zip (>= 0.0.0)
    windows (>= 0.0.0)
  build-essential (6.0.0)
    compat_resource (>= 12.10)
    mingw (>= 1.1)
    seven_zip (>= 0.0.0)
  chef_handler (1.4.0)
  compat_resource (12.10.6)
  debian-docker (0.1.0)
    apt (>= 3.0.0)
    ark (>= 0.0.0)
  mingw (1.1.0)
    compat_resource (>= 0.0.0)
    seven_zip (>= 0.0.0)
  seven_zip (2.0.1)
    windows (>= 1.2.2)
  windows (1.43.0)
    chef_handler (>= 0.0.0)
