DEPENDENCIES
  debian-base-box
    path: ../provision/debian-base-box
  debian-dev-box
    path: ../provision/debian-dev-box
  testing
    path: ../provision/testing

GRAPH
  apt (7.0.0)
  ark (3.1.0)
    build-essential (>= 0.0.0)
    seven_zip (>= 0.0.0)
    windows (>= 0.0.0)
  build-essential (8.1.1)
    mingw (>= 1.1)
    seven_zip (>= 0.0.0)
  debian-base-box (0.1.0)
  debian-dev-box (0.1.0)
    apt (>= 0.0.0)
    ark (>= 0.0.0)
  mingw (2.0.2)
    seven_zip (>= 0.0.0)
  seven_zip (2.0.2)
    windows (>= 1.2.2)
  testing (0.1.0)
    apt (>= 0.0.0)
    ark (>= 0.0.0)
    debian-dev-box (>= 0.0.0)
  windows (4.1.4)
